
Microsoft Visual Studio Solution File, Format Version 12.00
# Visual Studio Version 16
VisualStudioVersion = 16.0.29009.5
MinimumVisualStudioVersion = 10.0.40219.1
Project("{FAE04EC0-301F-11D3-BF4B-00C04F79EFBC}") = "Reface.AppStarter.Cache", "Reface.AppStarter.Cache\Reface.AppStarter.Cache.csproj", "{AED0EB59-0004-4270-84B1-E559F74E7ABE}"
EndProject
Project("{FAE04EC0-301F-11D3-BF4B-00C04F79EFBC}") = "Reface.AppStarter.Cache.Tests", "Reface.AppStarter.Cache.Tests\Reface.AppStarter.Cache.Tests.csproj", "{28501BE0-A24F-4762-A58D-D2258659843B}"
EndProject
Project("{FAE04EC0-301F-11D3-BF4B-00C04F79EFBC}") = "TestCacheInThreads", "TestCacheInThreads\TestCacheInThreads.csproj", "{696AA20A-83D7-408B-A8DC-43AB9F4AAA9A}"
EndProject
Global
	GlobalSection(SolutionConfigurationPlatforms) = preSolution
		Debug|Any CPU = Debug|Any CPU
		Release|Any CPU = Release|Any CPU
	EndGlobalSection
	GlobalSection(ProjectConfigurationPlatforms) = postSolution
		{AED0EB59-0004-4270-84B1-E559F74E7ABE}.Debug|Any CPU.ActiveCfg = Debug|Any CPU
		{AED0EB59-0004-4270-84B1-E559F74E7ABE}.Debug|Any CPU.Build.0 = Debug|Any CPU
		{AED0EB59-0004-4270-84B1-E559F74E7ABE}.Release|Any CPU.ActiveCfg = Release|Any CPU
		{AED0EB59-0004-4270-84B1-E559F74E7ABE}.Release|Any CPU.Build.0 = Release|Any CPU
		{28501BE0-A24F-4762-A58D-D2258659843B}.Debug|Any CPU.ActiveCfg = Debug|Any CPU
		{28501BE0-A24F-4762-A58D-D2258659843B}.Debug|Any CPU.Build.0 = Debug|Any CPU
		{28501BE0-A24F-4762-A58D-D2258659843B}.Release|Any CPU.ActiveCfg = Release|Any CPU
		{28501BE0-A24F-4762-A58D-D2258659843B}.Release|Any CPU.Build.0 = Release|Any CPU
		{696AA20A-83D7-408B-A8DC-43AB9F4AAA9A}.Debug|Any CPU.ActiveCfg = Debug|Any CPU
		{696AA20A-83D7-408B-A8DC-43AB9F4AAA9A}.Debug|Any CPU.Build.0 = Debug|Any CPU
		{696AA20A-83D7-408B-A8DC-43AB9F4AAA9A}.Release|Any CPU.ActiveCfg = Release|Any CPU
		{696AA20A-83D7-408B-A8DC-43AB9F4AAA9A}.Release|Any CPU.Build.0 = Release|Any CPU
	EndGlobalSection
	GlobalSection(SolutionProperties) = preSolution
		HideSolutionNode = FALSE
	EndGlobalSection
	GlobalSection(ExtensibilityGlobals) = postSolution
		SolutionGuid = {01426638-96EF-43DF-90FC-3E0CFD566FAE}
	EndGlobalSection
EndGlobal
